// !$*UTF8*$!
{
	archiveVersion = 1;
	classes = {
	};
	objectVersion = 77;
	objects = {

/* Begin PBXBuildFile section */
		0B5820C22DF61B8300C3DB4F /* FirebaseFirestore in Frameworks */ = {isa = PBXBuildFile; productRef = 0B5820C12DF61B8300C3DB4F /* FirebaseFirestore */; };
		0B5820E62DF651C700C3DB4F /* Preview Assets.xcassets in Resources */ = {isa = PBXBuildFile; fileRef = 0B5820DE2DF651C700C3DB4F /* Preview Assets.xcassets */; };
		0B5820E72DF651C700C3DB4F /* Assets.xcassets in Resources */ = {isa = PBXBuildFile; fileRef = 0B5820E22DF651C700C3DB4F /* Assets.xcassets */; };
		0B5820E82DF651C700C3DB4F /* GoogleService-Info.plist in Resources */ = {isa = PBXBuildFile; fileRef = 0B5820E42DF651C700C3DB4F /* GoogleService-Info.plist */; };
		0B5820E92DF651C700C3DB4F /* Client+Model.swift in Sources */ = {isa = PBXBuildFile; fileRef = 0B5820C82DF651C700C3DB4F /* Client+Model.swift */; };
		0B5820EA2DF651C700C3DB4F /* Client+JobChecklist.swift in Sources */ = {isa = PBXBuildFile; fileRef = 0B5820C92DF651C700C3DB4F /* Client+JobChecklist.swift */; };
		0B5820EB2DF651C700C3DB4F /* Client+SiteAssessment.swift in Sources */ = {isa = PBXBuildFile; fileRef = 0B5820CA2DF651C700C3DB4F /* Client+SiteAssessment.swift */; };
		0B5820EC2DF651C700C3DB4F /* Client+ContactInfoView.swift in Sources */ = {isa = PBXBuildFile; fileRef = 0B5820CC2DF651C700C3DB4F /* Client+ContactInfoView.swift */; };
		0B5820ED2DF651C700C3DB4F /* Client+DetailsView.swift in Sources */ = {isa = PBXBuildFile; fileRef = 0B5820CD2DF651C700C3DB4F /* Client+DetailsView.swift */; };
		0B5820EE2DF651C700C3DB4F /* Client+JobChecklistView.swift in Sources */ = {isa = PBXBuildFile; fileRef = 0B5820CE2DF651C700C3DB4F /* Client+JobChecklistView.swift */; };
		0B5820EF2DF651C700C3DB4F /* Client+RowView.swift in Sources */ = {isa = PBXBuildFile; fileRef = 0B5820CF2DF651C700C3DB4F /* Client+RowView.swift */; };
		0B5820F02DF651C700C3DB4F /* Client+SiteAssessmentView.swift in Sources */ = {isa = PBXBuildFile; fileRef = 0B5820D02DF651C700C3DB4F /* Client+SiteAssessmentView.swift */; };
		0B5820F12DF651C700C3DB4F /* InventoryItem+DetailsView.swift in Sources */ = {isa = PBXBuildFile; fileRef = 0B5820D22DF651C700C3DB4F /* InventoryItem+DetailsView.swift */; };
		0B5820F22DF651C700C3DB4F /* InventoryItem+RowView.swift in Sources */ = {isa = PBXBuildFile; fileRef = 0B5820D32DF651C700C3DB4F /* InventoryItem+RowView.swift */; };
		0B5820F32DF651C700C3DB4F /* EditableItemView.swift in Sources */ = {isa = PBXBuildFile; fileRef = 0B5820D52DF651C700C3DB4F /* EditableItemView.swift */; };
		0B5820F42DF651C700C3DB4F /* FormFields.swift in Sources */ = {isa = PBXBuildFile; fileRef = 0B5820D62DF651C700C3DB4F /* FormFields.swift */; };
		0B5820F52DF651C700C3DB4F /* ItemListView.swift in Sources */ = {isa = PBXBuildFile; fileRef = 0B5820D72DF651C700C3DB4F /* ItemListView.swift */; };
		0B5820F62DF651C700C3DB4F /* NewItemView.swift in Sources */ = {isa = PBXBuildFile; fileRef = 0B5820D82DF651C700C3DB4F /* NewItemView.swift */; };
		0B5820F72DF651C700C3DB4F /* InventoryItem+Model.swift in Sources */ = {isa = PBXBuildFile; fileRef = 0B5820DA2DF651C700C3DB4F /* InventoryItem+Model.swift */; };
		0B5820F82DF651C700C3DB4F /* Item.swift in Sources */ = {isa = PBXBuildFile; fileRef = 0B5820DB2DF651C700C3DB4F /* Item.swift */; };
		0B5820F92DF651C700C3DB4F /* ItemListManager.swift in Sources */ = {isa = PBXBuildFile; fileRef = 0B5820DC2DF651C700C3DB4F /* ItemListManager.swift */; };
		0B5820FA2DF651C700C3DB4F /* AlohaApp.swift in Sources */ = {isa = PBXBuildFile; fileRef = 0B5820E12DF651C700C3DB4F /* AlohaApp.swift */; };
		0B5820FB2DF651C700C3DB4F /* ContentView.swift in Sources */ = {isa = PBXBuildFile; fileRef = 0B5820E32DF651C700C3DB4F /* ContentView.swift */; };
		0B5821042DF653C500C3DB4F /* StatefulPreviewWrapper.swift in Sources */ = {isa = PBXBuildFile; fileRef = 0B5821032DF653C500C3DB4F /* StatefulPreviewWrapper.swift */; };
		0B5821062DF6550700C3DB4F /* Client.swift in Sources */ = {isa = PBXBuildFile; fileRef = 0B5821052DF6550700C3DB4F /* Client.swift */; };
		0B5821082DF6554C00C3DB4F /* Client+ContactInfo.swift in Sources */ = {isa = PBXBuildFile; fileRef = 0B5821072DF6554C00C3DB4F /* Client+ContactInfo.swift */; };
		0B58210A2DF664B400C3DB4F /* InventoryItem.swift in Sources */ = {isa = PBXBuildFile; fileRef = 0B5821092DF664B400C3DB4F /* InventoryItem.swift */; };
		0BE58D662D3DE8870052EFD5 /* FirebaseAnalytics in Frameworks */ = {isa = PBXBuildFile; productRef = 0BE58D652D3DE8870052EFD5 /* FirebaseAnalytics */; };
		0BE58D682D3DE8870052EFD5 /* FirebaseAppCheck in Frameworks */ = {isa = PBXBuildFile; productRef = 0BE58D672D3DE8870052EFD5 /* FirebaseAppCheck */; };
		0BE58D6A2D3DE8870052EFD5 /* FirebaseAuth in Frameworks */ = {isa = PBXBuildFile; productRef = 0BE58D692D3DE8870052EFD5 /* FirebaseAuth */; };
		0BE58D6C2D3DE8870052EFD5 /* FirebaseCore in Frameworks */ = {isa = PBXBuildFile; productRef = 0BE58D6B2D3DE8870052EFD5 /* FirebaseCore */; };
		0BE58D6E2D3DE8870052EFD5 /* FirebaseDatabase in Frameworks */ = {isa = PBXBuildFile; productRef = 0BE58D6D2D3DE8870052EFD5 /* FirebaseDatabase */; };
/* End PBXBuildFile section */

/* Begin PBXContainerItemProxy section */
		0BE58D422D3DE34F0052EFD5 /* PBXContainerItemProxy */ = {
			isa = PBXContainerItemProxy;
			containerPortal = 0BE58D282D3DE34E0052EFD5 /* Project object */;
			proxyType = 1;
			remoteGlobalIDString = 0BE58D2F2D3DE34E0052EFD5;
			remoteInfo = AlohaApp;
		};
		0BE58D4C2D3DE34F0052EFD5 /* PBXContainerItemProxy */ = {
			isa = PBXContainerItemProxy;
			containerPortal = 0BE58D282D3DE34E0052EFD5 /* Project object */;
			proxyType = 1;
			remoteGlobalIDString = 0BE58D2F2D3DE34E0052EFD5;
			remoteInfo = AlohaApp;
		};
/* End PBXContainerItemProxy section */

/* Begin PBXFileReference section */
		0B5820C82DF651C700C3DB4F /* Client+Model.swift */ = {isa = PBXFileReference; lastKnownFileType = sourcecode.swift; path = "Client+Model.swift"; sourceTree = "<group>"; };
		0B5820C92DF651C700C3DB4F /* Client+JobChecklist.swift */ = {isa = PBXFileReference; lastKnownFileType = sourcecode.swift; path = "Client+JobChecklist.swift"; sourceTree = "<group>"; };
		0B5820CA2DF651C700C3DB4F /* Client+SiteAssessment.swift */ = {isa = PBXFileReference; lastKnownFileType = sourcecode.swift; path = "Client+SiteAssessment.swift"; sourceTree = "<group>"; };
		0B5820CC2DF651C700C3DB4F /* Client+ContactInfoView.swift */ = {isa = PBXFileReference; lastKnownFileType = sourcecode.swift; path = "Client+ContactInfoView.swift"; sourceTree = "<group>"; };
		0B5820CD2DF651C700C3DB4F /* Client+DetailsView.swift */ = {isa = PBXFileReference; lastKnownFileType = sourcecode.swift; path = "Client+DetailsView.swift"; sourceTree = "<group>"; };
		0B5820CE2DF651C700C3DB4F /* Client+JobChecklistView.swift */ = {isa = PBXFileReference; lastKnownFileType = sourcecode.swift; path = "Client+JobChecklistView.swift"; sourceTree = "<group>"; };
		0B5820CF2DF651C700C3DB4F /* Client+RowView.swift */ = {isa = PBXFileReference; lastKnownFileType = sourcecode.swift; path = "Client+RowView.swift"; sourceTree = "<group>"; };
		0B5820D02DF651C700C3DB4F /* Client+SiteAssessmentView.swift */ = {isa = PBXFileReference; lastKnownFileType = sourcecode.swift; path = "Client+SiteAssessmentView.swift"; sourceTree = "<group>"; };
		0B5820D22DF651C700C3DB4F /* InventoryItem+DetailsView.swift */ = {isa = PBXFileReference; lastKnownFileType = sourcecode.swift; path = "InventoryItem+DetailsView.swift"; sourceTree = "<group>"; };
		0B5820D32DF651C700C3DB4F /* InventoryItem+RowView.swift */ = {isa = PBXFileReference; lastKnownFileType = sourcecode.swift; path = "InventoryItem+RowView.swift"; sourceTree = "<group>"; };
		0B5820D52DF651C700C3DB4F /* EditableItemView.swift */ = {isa = PBXFileReference; lastKnownFileType = sourcecode.swift; path = EditableItemView.swift; sourceTree = "<group>"; };
		0B5820D62DF651C700C3DB4F /* FormFields.swift */ = {isa = PBXFileReference; lastKnownFileType = sourcecode.swift; path = FormFields.swift; sourceTree = "<group>"; };
		0B5820D72DF651C700C3DB4F /* ItemListView.swift */ = {isa = PBXFileReference; lastKnownFileType = sourcecode.swift; path = ItemListView.swift; sourceTree = "<group>"; };
		0B5820D82DF651C700C3DB4F /* NewItemView.swift */ = {isa = PBXFileReference; lastKnownFileType = sourcecode.swift; path = NewItemView.swift; sourceTree = "<group>"; };
		0B5820DA2DF651C700C3DB4F /* InventoryItem+Model.swift */ = {isa = PBXFileReference; lastKnownFileType = sourcecode.swift; path = "InventoryItem+Model.swift"; sourceTree = "<group>"; };
		0B5820DB2DF651C700C3DB4F /* Item.swift */ = {isa = PBXFileReference; lastKnownFileType = sourcecode.swift; path = Item.swift; sourceTree = "<group>"; };
		0B5820DC2DF651C700C3DB4F /* ItemListManager.swift */ = {isa = PBXFileReference; lastKnownFileType = sourcecode.swift; path = ItemListManager.swift; sourceTree = "<group>"; };
		0B5820DE2DF651C700C3DB4F /* Preview Assets.xcassets */ = {isa = PBXFileReference; lastKnownFileType = folder.assetcatalog; path = "Preview Assets.xcassets"; sourceTree = "<group>"; };
		0B5820E02DF651C700C3DB4F /* AlohaApp.entitlements */ = {isa = PBXFileReference; lastKnownFileType = text.plist.entitlements; path = AlohaApp.entitlements; sourceTree = "<group>"; };
		0B5820E12DF651C700C3DB4F /* AlohaApp.swift */ = {isa = PBXFileReference; lastKnownFileType = sourcecode.swift; path = AlohaApp.swift; sourceTree = "<group>"; };
		0B5820E22DF651C700C3DB4F /* Assets.xcassets */ = {isa = PBXFileReference; lastKnownFileType = folder.assetcatalog; path = Assets.xcassets; sourceTree = "<group>"; };
		0B5820E32DF651C700C3DB4F /* ContentView.swift */ = {isa = PBXFileReference; lastKnownFileType = sourcecode.swift; path = ContentView.swift; sourceTree = "<group>"; };
		0B5820E42DF651C700C3DB4F /* GoogleService-Info.plist */ = {isa = PBXFileReference; lastKnownFileType = text.plist.xml; path = "GoogleService-Info.plist"; sourceTree = "<group>"; };
		0B5821032DF653C500C3DB4F /* StatefulPreviewWrapper.swift */ = {isa = PBXFileReference; lastKnownFileType = sourcecode.swift; path = StatefulPreviewWrapper.swift; sourceTree = "<group>"; };
		0B5821052DF6550700C3DB4F /* Client.swift */ = {isa = PBXFileReference; lastKnownFileType = sourcecode.swift; path = Client.swift; sourceTree = "<group>"; };
		0B5821072DF6554C00C3DB4F /* Client+ContactInfo.swift */ = {isa = PBXFileReference; lastKnownFileType = sourcecode.swift; path = "Client+ContactInfo.swift"; sourceTree = "<group>"; };
		0B5821092DF664B400C3DB4F /* InventoryItem.swift */ = {isa = PBXFileReference; lastKnownFileType = sourcecode.swift; path = InventoryItem.swift; sourceTree = "<group>"; };
		0BE58D302D3DE34E0052EFD5 /* AlohaApp.app */ = {isa = PBXFileReference; explicitFileType = wrapper.application; includeInIndex = 0; path = AlohaApp.app; sourceTree = BUILT_PRODUCTS_DIR; };
		0BE58D412D3DE34F0052EFD5 /* AlohaAppTests.xctest */ = {isa = PBXFileReference; explicitFileType = wrapper.cfbundle; includeInIndex = 0; path = AlohaAppTests.xctest; sourceTree = BUILT_PRODUCTS_DIR; };
		0BE58D4B2D3DE34F0052EFD5 /* AlohaAppUITests.xctest */ = {isa = PBXFileReference; explicitFileType = wrapper.cfbundle; includeInIndex = 0; path = AlohaAppUITests.xctest; sourceTree = BUILT_PRODUCTS_DIR; };
/* End PBXFileReference section */

/* Begin PBXFileSystemSynchronizedRootGroup section */
		0BE58D442D3DE34F0052EFD5 /* AlohaAppTests */ = {
			isa = PBXFileSystemSynchronizedRootGroup;
			path = AlohaAppTests;
			sourceTree = "<group>";
		};
		0BE58D4E2D3DE34F0052EFD5 /* AlohaAppUITests */ = {
			isa = PBXFileSystemSynchronizedRootGroup;
			path = AlohaAppUITests;
			sourceTree = "<group>";
		};
/* End PBXFileSystemSynchronizedRootGroup section */

/* Begin PBXFrameworksBuildPhase section */
		0BE58D2D2D3DE34E0052EFD5 /* Frameworks */ = {
			isa = PBXFrameworksBuildPhase;
			buildActionMask = 2147483647;
			files = (
				0BE58D6E2D3DE8870052EFD5 /* FirebaseDatabase in Frameworks */,
				0BE58D682D3DE8870052EFD5 /* FirebaseAppCheck in Frameworks */,
				0BE58D6A2D3DE8870052EFD5 /* FirebaseAuth in Frameworks */,
				0BE58D6C2D3DE8870052EFD5 /* FirebaseCore in Frameworks */,
				0BE58D662D3DE8870052EFD5 /* FirebaseAnalytics in Frameworks */,
				0B5820C22DF61B8300C3DB4F /* FirebaseFirestore in Frameworks */,
			);
			runOnlyForDeploymentPostprocessing = 0;
		};
		0BE58D3E2D3DE34F0052EFD5 /* Frameworks */ = {
			isa = PBXFrameworksBuildPhase;
			buildActionMask = 2147483647;
			files = (
			);
			runOnlyForDeploymentPostprocessing = 0;
		};
		0BE58D482D3DE34F0052EFD5 /* Frameworks */ = {
			isa = PBXFrameworksBuildPhase;
			buildActionMask = 2147483647;
			files = (
			);
			runOnlyForDeploymentPostprocessing = 0;
		};
/* End PBXFrameworksBuildPhase section */

/* Begin PBXGroup section */
		0B5820C02DF61B8300C3DB4F /* Frameworks */ = {
			isa = PBXGroup;
			children = (
			);
			name = Frameworks;
			sourceTree = "<group>";
		};
		0B5820CB2DF651C700C3DB4F /* Model */ = {
			isa = PBXGroup;
			children = (
				0B5820C82DF651C700C3DB4F /* Client+Model.swift */,
				0B5821072DF6554C00C3DB4F /* Client+ContactInfo.swift */,
				0B5820CA2DF651C700C3DB4F /* Client+SiteAssessment.swift */,
				0B5820C92DF651C700C3DB4F /* Client+JobChecklist.swift */,
			);
			path = Model;
			sourceTree = "<group>";
		};
		0B5820D12DF651C700C3DB4F /* Client */ = {
			isa = PBXGroup;
			children = (
				0B5821052DF6550700C3DB4F /* Client.swift */,
				0B5820CB2DF651C700C3DB4F /* Model */,
				0B5820FF2DF6534F00C3DB4F /* View */,
			);
			path = Client;
			sourceTree = "<group>";
		};
		0B5820D42DF651C700C3DB4F /* Inventory */ = {
			isa = PBXGroup;
			children = (
				0B5821092DF664B400C3DB4F /* InventoryItem.swift */,
				0B5820FE2DF652E700C3DB4F /* Model */,
				0B5821002DF6535800C3DB4F /* View */,
			);
			path = Inventory;
			sourceTree = "<group>";
		};
		0B5820D92DF651C700C3DB4F /* View */ = {
			isa = PBXGroup;
			children = (
				0B5820D52DF651C700C3DB4F /* EditableItemView.swift */,
				0B5820D72DF651C700C3DB4F /* ItemListView.swift */,
				0B5820D82DF651C700C3DB4F /* NewItemView.swift */,
			);
			path = View;
			sourceTree = "<group>";
		};
		0B5820DD2DF651C700C3DB4F /* GenericItem */ = {
			isa = PBXGroup;
			children = (
				0B5821012DF6536400C3DB4F /* Model */,
				0B5821022DF6538900C3DB4F /* ViewModel */,
				0B5820D92DF651C700C3DB4F /* View */,
			);
			path = GenericItem;
			sourceTree = "<group>";
		};
		0B5820DF2DF651C700C3DB4F /* Preview Content */ = {
			isa = PBXGroup;
			children = (
				0B5820DE2DF651C700C3DB4F /* Preview Assets.xcassets */,
				0B5821032DF653C500C3DB4F /* StatefulPreviewWrapper.swift */,
			);
			path = "Preview Content";
			sourceTree = "<group>";
		};
		0B5820E52DF651C700C3DB4F /* AlohaApp */ = {
			isa = PBXGroup;
			children = (
				0B5820E12DF651C700C3DB4F /* AlohaApp.swift */,
				0B5820E32DF651C700C3DB4F /* ContentView.swift */,
				0B5820D12DF651C700C3DB4F /* Client */,
				0B5820D42DF651C700C3DB4F /* Inventory */,
				0B5820DD2DF651C700C3DB4F /* GenericItem */,
				0B5820D62DF651C700C3DB4F /* FormFields.swift */,
				0B5820DF2DF651C700C3DB4F /* Preview Content */,
				0B5820E02DF651C700C3DB4F /* AlohaApp.entitlements */,
				0B5820E22DF651C700C3DB4F /* Assets.xcassets */,
				0B5820E42DF651C700C3DB4F /* GoogleService-Info.plist */,
			);
			path = AlohaApp;
			sourceTree = "<group>";
		};
		0B5820FE2DF652E700C3DB4F /* Model */ = {
			isa = PBXGroup;
			children = (
				0B5820DA2DF651C700C3DB4F /* InventoryItem+Model.swift */,
			);
			path = Model;
			sourceTree = "<group>";
		};
		0B5820FF2DF6534F00C3DB4F /* View */ = {
			isa = PBXGroup;
			children = (
				0B5820CF2DF651C700C3DB4F /* Client+RowView.swift */,
				0B5820CD2DF651C700C3DB4F /* Client+DetailsView.swift */,
				0B5820CC2DF651C700C3DB4F /* Client+ContactInfoView.swift */,
				0B5820D02DF651C700C3DB4F /* Client+SiteAssessmentView.swift */,
				0B5820CE2DF651C700C3DB4F /* Client+JobChecklistView.swift */,
			);
			path = View;
			sourceTree = "<group>";
		};
		0B5821002DF6535800C3DB4F /* View */ = {
			isa = PBXGroup;
			children = (
				0B5820D22DF651C700C3DB4F /* InventoryItem+DetailsView.swift */,
				0B5820D32DF651C700C3DB4F /* InventoryItem+RowView.swift */,
			);
			path = View;
			sourceTree = "<group>";
		};
		0B5821012DF6536400C3DB4F /* Model */ = {
			isa = PBXGroup;
			children = (
				0B5820DB2DF651C700C3DB4F /* Item.swift */,
			);
			path = Model;
			sourceTree = "<group>";
		};
		0B5821022DF6538900C3DB4F /* ViewModel */ = {
			isa = PBXGroup;
			children = (
				0B5820DC2DF651C700C3DB4F /* ItemListManager.swift */,
			);
			path = ViewModel;
			sourceTree = "<group>";
		};
		0BE58D272D3DE34E0052EFD5 = {
			isa = PBXGroup;
			children = (
				0B5820E52DF651C700C3DB4F /* AlohaApp */,
				0BE58D442D3DE34F0052EFD5 /* AlohaAppTests */,
				0BE58D4E2D3DE34F0052EFD5 /* AlohaAppUITests */,
				0B5820C02DF61B8300C3DB4F /* Frameworks */,
				0BE58D312D3DE34E0052EFD5 /* Products */,
			);
			sourceTree = "<group>";
		};
		0BE58D312D3DE34E0052EFD5 /* Products */ = {
			isa = PBXGroup;
			children = (
				0BE58D302D3DE34E0052EFD5 /* AlohaApp.app */,
				0BE58D412D3DE34F0052EFD5 /* AlohaAppTests.xctest */,
				0BE58D4B2D3DE34F0052EFD5 /* AlohaAppUITests.xctest */,
			);
			name = Products;
			sourceTree = "<group>";
		};
/* End PBXGroup section */

/* Begin PBXNativeTarget section */
		0BE58D2F2D3DE34E0052EFD5 /* AlohaApp */ = {
			isa = PBXNativeTarget;
			buildConfigurationList = 0BE58D552D3DE34F0052EFD5 /* Build configuration list for PBXNativeTarget "AlohaApp" */;
			buildPhases = (
				0BE58D2C2D3DE34E0052EFD5 /* Sources */,
				0BE58D2D2D3DE34E0052EFD5 /* Frameworks */,
				0BE58D2E2D3DE34E0052EFD5 /* Resources */,
			);
			buildRules = (
			);
			dependencies = (
			);
			name = AlohaApp;
			packageProductDependencies = (
				0BE58D652D3DE8870052EFD5 /* FirebaseAnalytics */,
				0BE58D672D3DE8870052EFD5 /* FirebaseAppCheck */,
				0BE58D692D3DE8870052EFD5 /* FirebaseAuth */,
				0BE58D6B2D3DE8870052EFD5 /* FirebaseCore */,
				0BE58D6D2D3DE8870052EFD5 /* FirebaseDatabase */,
				0B5820C12DF61B8300C3DB4F /* FirebaseFirestore */,
			);
			productName = AlohaApp;
			productReference = 0BE58D302D3DE34E0052EFD5 /* AlohaApp.app */;
			productType = "com.apple.product-type.application";
		};
		0BE58D402D3DE34F0052EFD5 /* AlohaAppTests */ = {
			isa = PBXNativeTarget;
			buildConfigurationList = 0BE58D582D3DE34F0052EFD5 /* Build configuration list for PBXNativeTarget "AlohaAppTests" */;
			buildPhases = (
				0BE58D3D2D3DE34F0052EFD5 /* Sources */,
				0BE58D3E2D3DE34F0052EFD5 /* Frameworks */,
				0BE58D3F2D3DE34F0052EFD5 /* Resources */,
			);
			buildRules = (
			);
			dependencies = (
				0BE58D432D3DE34F0052EFD5 /* PBXTargetDependency */,
			);
			fileSystemSynchronizedGroups = (
				0BE58D442D3DE34F0052EFD5 /* AlohaAppTests */,
			);
			name = AlohaAppTests;
			packageProductDependencies = (
			);
			productName = AlohaAppTests;
			productReference = 0BE58D412D3DE34F0052EFD5 /* AlohaAppTests.xctest */;
			productType = "com.apple.product-type.bundle.unit-test";
		};
		0BE58D4A2D3DE34F0052EFD5 /* AlohaAppUITests */ = {
			isa = PBXNativeTarget;
			buildConfigurationList = 0BE58D5B2D3DE34F0052EFD5 /* Build configuration list for PBXNativeTarget "AlohaAppUITests" */;
			buildPhases = (
				0BE58D472D3DE34F0052EFD5 /* Sources */,
				0BE58D482D3DE34F0052EFD5 /* Frameworks */,
				0BE58D492D3DE34F0052EFD5 /* Resources */,
			);
			buildRules = (
			);
			dependencies = (
				0BE58D4D2D3DE34F0052EFD5 /* PBXTargetDependency */,
			);
			fileSystemSynchronizedGroups = (
				0BE58D4E2D3DE34F0052EFD5 /* AlohaAppUITests */,
			);
			name = AlohaAppUITests;
			packageProductDependencies = (
			);
			productName = AlohaAppUITests;
			productReference = 0BE58D4B2D3DE34F0052EFD5 /* AlohaAppUITests.xctest */;
			productType = "com.apple.product-type.bundle.ui-testing";
		};
/* End PBXNativeTarget section */

/* Begin PBXProject section */
		0BE58D282D3DE34E0052EFD5 /* Project object */ = {
			isa = PBXProject;
			attributes = {
				BuildIndependentTargetsInParallel = 1;
				LastSwiftUpdateCheck = 1610;
				LastUpgradeCheck = 1610;
				TargetAttributes = {
					0BE58D2F2D3DE34E0052EFD5 = {
						CreatedOnToolsVersion = 16.1;
					};
					0BE58D402D3DE34F0052EFD5 = {
						CreatedOnToolsVersion = 16.1;
						TestTargetID = 0BE58D2F2D3DE34E0052EFD5;
					};
					0BE58D4A2D3DE34F0052EFD5 = {
						CreatedOnToolsVersion = 16.1;
						TestTargetID = 0BE58D2F2D3DE34E0052EFD5;
					};
				};
			};
			buildConfigurationList = 0BE58D2B2D3DE34E0052EFD5 /* Build configuration list for PBXProject "AlohaApp" */;
			developmentRegion = en;
			hasScannedForEncodings = 0;
			knownRegions = (
				en,
				Base,
			);
			mainGroup = 0BE58D272D3DE34E0052EFD5;
			minimizedProjectReferenceProxies = 1;
			packageReferences = (
				0BE58D642D3DE8870052EFD5 /* XCRemoteSwiftPackageReference "firebase-ios-sdk" */,
			);
			preferredProjectObjectVersion = 77;
			productRefGroup = 0BE58D312D3DE34E0052EFD5 /* Products */;
			projectDirPath = "";
			projectRoot = "";
			targets = (
				0BE58D2F2D3DE34E0052EFD5 /* AlohaApp */,
				0BE58D402D3DE34F0052EFD5 /* AlohaAppTests */,
				0BE58D4A2D3DE34F0052EFD5 /* AlohaAppUITests */,
			);
		};
/* End PBXProject section */

/* Begin PBXResourcesBuildPhase section */
		0BE58D2E2D3DE34E0052EFD5 /* Resources */ = {
			isa = PBXResourcesBuildPhase;
			buildActionMask = 2147483647;
			files = (
				0B5820E62DF651C700C3DB4F /* Preview Assets.xcassets in Resources */,
				0B5820E72DF651C700C3DB4F /* Assets.xcassets in Resources */,
				0B5820E82DF651C700C3DB4F /* GoogleService-Info.plist in Resources */,
			);
			runOnlyForDeploymentPostprocessing = 0;
		};
		0BE58D3F2D3DE34F0052EFD5 /* Resources */ = {
			isa = PBXResourcesBuildPhase;
			buildActionMask = 2147483647;
			files = (
			);
			runOnlyForDeploymentPostprocessing = 0;
		};
		0BE58D492D3DE34F0052EFD5 /* Resources */ = {
			isa = PBXResourcesBuildPhase;
			buildActionMask = 2147483647;
			files = (
			);
			runOnlyForDeploymentPostprocessing = 0;
		};
/* End PBXResourcesBuildPhase section */

/* Begin PBXSourcesBuildPhase section */
		0BE58D2C2D3DE34E0052EFD5 /* Sources */ = {
			isa = PBXSourcesBuildPhase;
			buildActionMask = 2147483647;
			files = (
				0B5820E92DF651C700C3DB4F /* Client+Model.swift in Sources */,
				0B5820EA2DF651C700C3DB4F /* Client+JobChecklist.swift in Sources */,
				0B5820EB2DF651C700C3DB4F /* Client+SiteAssessment.swift in Sources */,
				0B58210A2DF664B400C3DB4F /* InventoryItem.swift in Sources */,
				0B5820EC2DF651C700C3DB4F /* Client+ContactInfoView.swift in Sources */,
				0B5820ED2DF651C700C3DB4F /* Client+DetailsView.swift in Sources */,
				0B5820EE2DF651C700C3DB4F /* Client+JobChecklistView.swift in Sources */,
				0B5820EF2DF651C700C3DB4F /* Client+RowView.swift in Sources */,
				0B5820F02DF651C700C3DB4F /* Client+SiteAssessmentView.swift in Sources */,
				0B5821062DF6550700C3DB4F /* Client.swift in Sources */,
				0B5821082DF6554C00C3DB4F /* Client+ContactInfo.swift in Sources */,
				0B5820F12DF651C700C3DB4F /* InventoryItem+DetailsView.swift in Sources */,
				0B5820F22DF651C700C3DB4F /* InventoryItem+RowView.swift in Sources */,
				0B5820F32DF651C700C3DB4F /* EditableItemView.swift in Sources */,
				0B5820F42DF651C700C3DB4F /* FormFields.swift in Sources */,
				0B5820F52DF651C700C3DB4F /* ItemListView.swift in Sources */,
				0B5820F62DF651C700C3DB4F /* NewItemView.swift in Sources */,
				0B5821042DF653C500C3DB4F /* StatefulPreviewWrapper.swift in Sources */,
				0B5820F72DF651C700C3DB4F /* InventoryItem+Model.swift in Sources */,
				0B5820F82DF651C700C3DB4F /* Item.swift in Sources */,
				0B5820F92DF651C700C3DB4F /* ItemListManager.swift in Sources */,
				0B5820FA2DF651C700C3DB4F /* AlohaApp.swift in Sources */,
				0B5820FB2DF651C700C3DB4F /* ContentView.swift in Sources */,
			);
			runOnlyForDeploymentPostprocessing = 0;
		};
		0BE58D3D2D3DE34F0052EFD5 /* Sources */ = {
			isa = PBXSourcesBuildPhase;
			buildActionMask = 2147483647;
			files = (
			);
			runOnlyForDeploymentPostprocessing = 0;
		};
		0BE58D472D3DE34F0052EFD5 /* Sources */ = {
			isa = PBXSourcesBuildPhase;
			buildActionMask = 2147483647;
			files = (
			);
			runOnlyForDeploymentPostprocessing = 0;
		};
/* End PBXSourcesBuildPhase section */

/* Begin PBXTargetDependency section */
		0BE58D432D3DE34F0052EFD5 /* PBXTargetDependency */ = {
			isa = PBXTargetDependency;
			target = 0BE58D2F2D3DE34E0052EFD5 /* AlohaApp */;
			targetProxy = 0BE58D422D3DE34F0052EFD5 /* PBXContainerItemProxy */;
		};
		0BE58D4D2D3DE34F0052EFD5 /* PBXTargetDependency */ = {
			isa = PBXTargetDependency;
			target = 0BE58D2F2D3DE34E0052EFD5 /* AlohaApp */;
			targetProxy = 0BE58D4C2D3DE34F0052EFD5 /* PBXContainerItemProxy */;
		};
/* End PBXTargetDependency section */

/* Begin XCBuildConfiguration section */
		0BE58D532D3DE34F0052EFD5 /* Debug */ = {
			isa = XCBuildConfiguration;
			buildSettings = {
				ALWAYS_SEARCH_USER_PATHS = NO;
				ASSETCATALOG_COMPILER_GENERATE_SWIFT_ASSET_SYMBOL_EXTENSIONS = YES;
				CLANG_ANALYZER_NONNULL = YES;
				CLANG_ANALYZER_NUMBER_OBJECT_CONVERSION = YES_AGGRESSIVE;
				CLANG_CXX_LANGUAGE_STANDARD = "gnu++20";
				CLANG_ENABLE_MODULES = YES;
				CLANG_ENABLE_OBJC_ARC = YES;
				CLANG_ENABLE_OBJC_WEAK = YES;
				CLANG_WARN_BLOCK_CAPTURE_AUTORELEASING = YES;
				CLANG_WARN_BOOL_CONVERSION = YES;
				CLANG_WARN_COMMA = YES;
				CLANG_WARN_CONSTANT_CONVERSION = YES;
				CLANG_WARN_DEPRECATED_OBJC_IMPLEMENTATIONS = YES;
				CLANG_WARN_DIRECT_OBJC_ISA_USAGE = YES_ERROR;
				CLANG_WARN_DOCUMENTATION_COMMENTS = YES;
				CLANG_WARN_EMPTY_BODY = YES;
				CLANG_WARN_ENUM_CONVERSION = YES;
				CLANG_WARN_INFINITE_RECURSION = YES;
				CLANG_WARN_INT_CONVERSION = YES;
				CLANG_WARN_NON_LITERAL_NULL_CONVERSION = YES;
				CLANG_WARN_OBJC_IMPLICIT_RETAIN_SELF = YES;
				CLANG_WARN_OBJC_LITERAL_CONVERSION = YES;
				CLANG_WARN_OBJC_ROOT_CLASS = YES_ERROR;
				CLANG_WARN_QUOTED_INCLUDE_IN_FRAMEWORK_HEADER = YES;
				CLANG_WARN_RANGE_LOOP_ANALYSIS = YES;
				CLANG_WARN_STRICT_PROTOTYPES = YES;
				CLANG_WARN_SUSPICIOUS_MOVE = YES;
				CLANG_WARN_UNGUARDED_AVAILABILITY = YES_AGGRESSIVE;
				CLANG_WARN_UNREACHABLE_CODE = YES;
				CLANG_WARN__DUPLICATE_METHOD_MATCH = YES;
				COPY_PHASE_STRIP = NO;
				DEBUG_INFORMATION_FORMAT = dwarf;
				ENABLE_STRICT_OBJC_MSGSEND = YES;
				ENABLE_TESTABILITY = YES;
				ENABLE_USER_SCRIPT_SANDBOXING = YES;
				GCC_C_LANGUAGE_STANDARD = gnu17;
				GCC_DYNAMIC_NO_PIC = NO;
				GCC_NO_COMMON_BLOCKS = YES;
				GCC_OPTIMIZATION_LEVEL = 0;
				GCC_PREPROCESSOR_DEFINITIONS = (
					"DEBUG=1",
					"$(inherited)",
				);
				GCC_WARN_64_TO_32_BIT_CONVERSION = YES;
				GCC_WARN_ABOUT_RETURN_TYPE = YES_ERROR;
				GCC_WARN_UNDECLARED_SELECTOR = YES;
				GCC_WARN_UNINITIALIZED_AUTOS = YES_AGGRESSIVE;
				GCC_WARN_UNUSED_FUNCTION = YES;
				GCC_WARN_UNUSED_VARIABLE = YES;
				LOCALIZATION_PREFERS_STRING_CATALOGS = YES;
				MTL_ENABLE_DEBUG_INFO = INCLUDE_SOURCE;
				MTL_FAST_MATH = YES;
				ONLY_ACTIVE_ARCH = YES;
				SWIFT_ACTIVE_COMPILATION_CONDITIONS = "DEBUG $(inherited)";
				SWIFT_OPTIMIZATION_LEVEL = "-Onone";
			};
			name = Debug;
		};
		0BE58D542D3DE34F0052EFD5 /* Release */ = {
			isa = XCBuildConfiguration;
			buildSettings = {
				ALWAYS_SEARCH_USER_PATHS = NO;
				ASSETCATALOG_COMPILER_GENERATE_SWIFT_ASSET_SYMBOL_EXTENSIONS = YES;
				CLANG_ANALYZER_NONNULL = YES;
				CLANG_ANALYZER_NUMBER_OBJECT_CONVERSION = YES_AGGRESSIVE;
				CLANG_CXX_LANGUAGE_STANDARD = "gnu++20";
				CLANG_ENABLE_MODULES = YES;
				CLANG_ENABLE_OBJC_ARC = YES;
				CLANG_ENABLE_OBJC_WEAK = YES;
				CLANG_WARN_BLOCK_CAPTURE_AUTORELEASING = YES;
				CLANG_WARN_BOOL_CONVERSION = YES;
				CLANG_WARN_COMMA = YES;
				CLANG_WARN_CONSTANT_CONVERSION = YES;
				CLANG_WARN_DEPRECATED_OBJC_IMPLEMENTATIONS = YES;
				CLANG_WARN_DIRECT_OBJC_ISA_USAGE = YES_ERROR;
				CLANG_WARN_DOCUMENTATION_COMMENTS = YES;
				CLANG_WARN_EMPTY_BODY = YES;
				CLANG_WARN_ENUM_CONVERSION = YES;
				CLANG_WARN_INFINITE_RECURSION = YES;
				CLANG_WARN_INT_CONVERSION = YES;
				CLANG_WARN_NON_LITERAL_NULL_CONVERSION = YES;
				CLANG_WARN_OBJC_IMPLICIT_RETAIN_SELF = YES;
				CLANG_WARN_OBJC_LITERAL_CONVERSION = YES;
				CLANG_WARN_OBJC_ROOT_CLASS = YES_ERROR;
				CLANG_WARN_QUOTED_INCLUDE_IN_FRAMEWORK_HEADER = YES;
				CLANG_WARN_RANGE_LOOP_ANALYSIS = YES;
				CLANG_WARN_STRICT_PROTOTYPES = YES;
				CLANG_WARN_SUSPICIOUS_MOVE = YES;
				CLANG_WARN_UNGUARDED_AVAILABILITY = YES_AGGRESSIVE;
				CLANG_WARN_UNREACHABLE_CODE = YES;
				CLANG_WARN__DUPLICATE_METHOD_MATCH = YES;
				COPY_PHASE_STRIP = NO;
				DEBUG_INFORMATION_FORMAT = "dwarf-with-dsym";
				ENABLE_NS_ASSERTIONS = NO;
				ENABLE_STRICT_OBJC_MSGSEND = YES;
				ENABLE_USER_SCRIPT_SANDBOXING = YES;
				GCC_C_LANGUAGE_STANDARD = gnu17;
				GCC_NO_COMMON_BLOCKS = YES;
				GCC_WARN_64_TO_32_BIT_CONVERSION = YES;
				GCC_WARN_ABOUT_RETURN_TYPE = YES_ERROR;
				GCC_WARN_UNDECLARED_SELECTOR = YES;
				GCC_WARN_UNINITIALIZED_AUTOS = YES_AGGRESSIVE;
				GCC_WARN_UNUSED_FUNCTION = YES;
				GCC_WARN_UNUSED_VARIABLE = YES;
				LOCALIZATION_PREFERS_STRING_CATALOGS = YES;
				MTL_ENABLE_DEBUG_INFO = NO;
				MTL_FAST_MATH = YES;
				SWIFT_COMPILATION_MODE = wholemodule;
			};
			name = Release;
		};
		0BE58D562D3DE34F0052EFD5 /* Debug */ = {
			isa = XCBuildConfiguration;
			buildSettings = {
				ASSETCATALOG_COMPILER_APPICON_NAME = AppIcon;
				ASSETCATALOG_COMPILER_GLOBAL_ACCENT_COLOR_NAME = AccentColor;
				CODE_SIGN_ENTITLEMENTS = AlohaApp/AlohaApp.entitlements;
				CODE_SIGN_STYLE = Automatic;
				CURRENT_PROJECT_VERSION = 1;
				DEVELOPMENT_ASSET_PATHS = "\"AlohaApp/Preview Content\"";
				DEVELOPMENT_TEAM = 2M64UND8Q7;
				ENABLE_HARDENED_RUNTIME = YES;
				ENABLE_PREVIEWS = YES;
				GENERATE_INFOPLIST_FILE = YES;
				"INFOPLIST_KEY_UIApplicationSceneManifest_Generation[sdk=iphoneos*]" = YES;
				"INFOPLIST_KEY_UIApplicationSceneManifest_Generation[sdk=iphonesimulator*]" = YES;
				"INFOPLIST_KEY_UIApplicationSupportsIndirectInputEvents[sdk=iphoneos*]" = YES;
				"INFOPLIST_KEY_UIApplicationSupportsIndirectInputEvents[sdk=iphonesimulator*]" = YES;
				"INFOPLIST_KEY_UILaunchScreen_Generation[sdk=iphoneos*]" = YES;
				"INFOPLIST_KEY_UILaunchScreen_Generation[sdk=iphonesimulator*]" = YES;
				"INFOPLIST_KEY_UIStatusBarStyle[sdk=iphoneos*]" = UIStatusBarStyleDefault;
				"INFOPLIST_KEY_UIStatusBarStyle[sdk=iphonesimulator*]" = UIStatusBarStyleDefault;
				INFOPLIST_KEY_UISupportedInterfaceOrientations_iPad = "UIInterfaceOrientationPortrait UIInterfaceOrientationPortraitUpsideDown UIInterfaceOrientationLandscapeLeft UIInterfaceOrientationLandscapeRight";
				INFOPLIST_KEY_UISupportedInterfaceOrientations_iPhone = "UIInterfaceOrientationPortrait UIInterfaceOrientationLandscapeLeft UIInterfaceOrientationLandscapeRight";
				IPHONEOS_DEPLOYMENT_TARGET = 18.1;
				LD_RUNPATH_SEARCH_PATHS = "@executable_path/Frameworks";
				"LD_RUNPATH_SEARCH_PATHS[sdk=macosx*]" = "@executable_path/../Frameworks";
				MACOSX_DEPLOYMENT_TARGET = 15.1;
				MARKETING_VERSION = 1.0;
				PRODUCT_BUNDLE_IDENTIFIER = com.jordankopp.AlohaApp;
				PRODUCT_NAME = "$(TARGET_NAME)";
				SDKROOT = auto;
				SUPPORTED_PLATFORMS = "iphoneos iphonesimulator macosx";
				SUPPORTS_MACCATALYST = NO;
				SWIFT_EMIT_LOC_STRINGS = YES;
				SWIFT_VERSION = 5.0;
				TARGETED_DEVICE_FAMILY = "1,2";
				XROS_DEPLOYMENT_TARGET = 2.1;
			};
			name = Debug;
		};
		0BE58D572D3DE34F0052EFD5 /* Release */ = {
			isa = XCBuildConfiguration;
			buildSettings = {
				ASSETCATALOG_COMPILER_APPICON_NAME = AppIcon;
				ASSETCATALOG_COMPILER_GLOBAL_ACCENT_COLOR_NAME = AccentColor;
				CODE_SIGN_ENTITLEMENTS = AlohaApp/AlohaApp.entitlements;
				CODE_SIGN_STYLE = Automatic;
				CURRENT_PROJECT_VERSION = 1;
				DEVELOPMENT_ASSET_PATHS = "\"AlohaApp/Preview Content\"";
				DEVELOPMENT_TEAM = 2M64UND8Q7;
				ENABLE_HARDENED_RUNTIME = YES;
				ENABLE_PREVIEWS = YES;
				GENERATE_INFOPLIST_FILE = YES;
				"INFOPLIST_KEY_UIApplicationSceneManifest_Generation[sdk=iphoneos*]" = YES;
				"INFOPLIST_KEY_UIApplicationSceneManifest_Generation[sdk=iphonesimulator*]" = YES;
				"INFOPLIST_KEY_UIApplicationSupportsIndirectInputEvents[sdk=iphoneos*]" = YES;
				"INFOPLIST_KEY_UIApplicationSupportsIndirectInputEvents[sdk=iphonesimulator*]" = YES;
				"INFOPLIST_KEY_UILaunchScreen_Generation[sdk=iphoneos*]" = YES;
				"INFOPLIST_KEY_UILaunchScreen_Generation[sdk=iphonesimulator*]" = YES;
				"INFOPLIST_KEY_UIStatusBarStyle[sdk=iphoneos*]" = UIStatusBarStyleDefault;
				"INFOPLIST_KEY_UIStatusBarStyle[sdk=iphonesimulator*]" = UIStatusBarStyleDefault;
				INFOPLIST_KEY_UISupportedInterfaceOrientations_iPad = "UIInterfaceOrientationPortrait UIInterfaceOrientationPortraitUpsideDown UIInterfaceOrientationLandscapeLeft UIInterfaceOrientationLandscapeRight";
				INFOPLIST_KEY_UISupportedInterfaceOrientations_iPhone = "UIInterfaceOrientationPortrait UIInterfaceOrientationLandscapeLeft UIInterfaceOrientationLandscapeRight";
				IPHONEOS_DEPLOYMENT_TARGET = 18.1;
				LD_RUNPATH_SEARCH_PATHS = "@executable_path/Frameworks";
				"LD_RUNPATH_SEARCH_PATHS[sdk=macosx*]" = "@executable_path/../Frameworks";
				MACOSX_DEPLOYMENT_TARGET = 15.1;
				MARKETING_VERSION = 1.0;
				PRODUCT_BUNDLE_IDENTIFIER = com.jordankopp.AlohaApp;
				PRODUCT_NAME = "$(TARGET_NAME)";
				SDKROOT = auto;
				SUPPORTED_PLATFORMS = "iphoneos iphonesimulator macosx";
				SUPPORTS_MACCATALYST = NO;
				SWIFT_EMIT_LOC_STRINGS = YES;
				SWIFT_VERSION = 5.0;
				TARGETED_DEVICE_FAMILY = "1,2";
				XROS_DEPLOYMENT_TARGET = 2.1;
			};
			name = Release;
		};
		0BE58D592D3DE34F0052EFD5 /* Debug */ = {
			isa = XCBuildConfiguration;
			buildSettings = {
				BUNDLE_LOADER = "$(TEST_HOST)";
				CODE_SIGN_STYLE = Automatic;
				CURRENT_PROJECT_VERSION = 1;
				DEVELOPMENT_TEAM = 2M64UND8Q7;
				GENERATE_INFOPLIST_FILE = YES;
				IPHONEOS_DEPLOYMENT_TARGET = 18.1;
				MACOSX_DEPLOYMENT_TARGET = 15.1;
				MARKETING_VERSION = 1.0;
				PRODUCT_BUNDLE_IDENTIFIER = com.jordankopp.AlohaAppTests;
				PRODUCT_NAME = "$(TARGET_NAME)";
				SDKROOT = auto;
				SUPPORTED_PLATFORMS = "iphoneos iphonesimulator macosx xros xrsimulator";
				SWIFT_EMIT_LOC_STRINGS = NO;
				SWIFT_VERSION = 5.0;
				TARGETED_DEVICE_FAMILY = "1,2,7";
				TEST_HOST = "$(BUILT_PRODUCTS_DIR)/AlohaApp.app/$(BUNDLE_EXECUTABLE_FOLDER_PATH)/AlohaApp";
				XROS_DEPLOYMENT_TARGET = 2.1;
			};
			name = Debug;
		};
		0BE58D5A2D3DE34F0052EFD5 /* Release */ = {
			isa = XCBuildConfiguration;
			buildSettings = {
				BUNDLE_LOADER = "$(TEST_HOST)";
				CODE_SIGN_STYLE = Automatic;
				CURRENT_PROJECT_VERSION = 1;
				DEVELOPMENT_TEAM = 2M64UND8Q7;
				GENERATE_INFOPLIST_FILE = YES;
				IPHONEOS_DEPLOYMENT_TARGET = 18.1;
				MACOSX_DEPLOYMENT_TARGET = 15.1;
				MARKETING_VERSION = 1.0;
				PRODUCT_BUNDLE_IDENTIFIER = com.jordankopp.AlohaAppTests;
				PRODUCT_NAME = "$(TARGET_NAME)";
				SDKROOT = auto;
				SUPPORTED_PLATFORMS = "iphoneos iphonesimulator macosx xros xrsimulator";
				SWIFT_EMIT_LOC_STRINGS = NO;
				SWIFT_VERSION = 5.0;
				TARGETED_DEVICE_FAMILY = "1,2,7";
				TEST_HOST = "$(BUILT_PRODUCTS_DIR)/AlohaApp.app/$(BUNDLE_EXECUTABLE_FOLDER_PATH)/AlohaApp";
				XROS_DEPLOYMENT_TARGET = 2.1;
			};
			name = Release;
		};
		0BE58D5C2D3DE34F0052EFD5 /* Debug */ = {
			isa = XCBuildConfiguration;
			buildSettings = {
				CODE_SIGN_STYLE = Automatic;
				CURRENT_PROJECT_VERSION = 1;
				DEVELOPMENT_TEAM = 2M64UND8Q7;
				GENERATE_INFOPLIST_FILE = YES;
				IPHONEOS_DEPLOYMENT_TARGET = 18.1;
				MACOSX_DEPLOYMENT_TARGET = 15.1;
				MARKETING_VERSION = 1.0;
				PRODUCT_BUNDLE_IDENTIFIER = com.jordankopp.AlohaAppUITests;
				PRODUCT_NAME = "$(TARGET_NAME)";
				SDKROOT = auto;
				SUPPORTED_PLATFORMS = "iphoneos iphonesimulator macosx xros xrsimulator";
				SWIFT_EMIT_LOC_STRINGS = NO;
				SWIFT_VERSION = 5.0;
				TARGETED_DEVICE_FAMILY = "1,2,7";
				TEST_TARGET_NAME = AlohaApp;
				XROS_DEPLOYMENT_TARGET = 2.1;
			};
			name = Debug;
		};
		0BE58D5D2D3DE34F0052EFD5 /* Release */ = {
			isa = XCBuildConfiguration;
			buildSettings = {
				CODE_SIGN_STYLE = Automatic;
				CURRENT_PROJECT_VERSION = 1;
				DEVELOPMENT_TEAM = 2M64UND8Q7;
				GENERATE_INFOPLIST_FILE = YES;
				IPHONEOS_DEPLOYMENT_TARGET = 18.1;
				MACOSX_DEPLOYMENT_TARGET = 15.1;
				MARKETING_VERSION = 1.0;
				PRODUCT_BUNDLE_IDENTIFIER = com.jordankopp.AlohaAppUITests;
				PRODUCT_NAME = "$(TARGET_NAME)";
				SDKROOT = auto;
				SUPPORTED_PLATFORMS = "iphoneos iphonesimulator macosx xros xrsimulator";
				SWIFT_EMIT_LOC_STRINGS = NO;
				SWIFT_VERSION = 5.0;
				TARGETED_DEVICE_FAMILY = "1,2,7";
				TEST_TARGET_NAME = AlohaApp;
				XROS_DEPLOYMENT_TARGET = 2.1;
			};
			name = Release;
		};
/* End XCBuildConfiguration section */

/* Begin XCConfigurationList section */
		0BE58D2B2D3DE34E0052EFD5 /* Build configuration list for PBXProject "AlohaApp" */ = {
			isa = XCConfigurationList;
			buildConfigurations = (
				0BE58D532D3DE34F0052EFD5 /* Debug */,
				0BE58D542D3DE34F0052EFD5 /* Release */,
			);
			defaultConfigurationIsVisible = 0;
			defaultConfigurationName = Release;
		};
		0BE58D552D3DE34F0052EFD5 /* Build configuration list for PBXNativeTarget "AlohaApp" */ = {
			isa = XCConfigurationList;
			buildConfigurations = (
				0BE58D562D3DE34F0052EFD5 /* Debug */,
				0BE58D572D3DE34F0052EFD5 /* Release */,
			);
			defaultConfigurationIsVisible = 0;
			defaultConfigurationName = Release;
		};
		0BE58D582D3DE34F0052EFD5 /* Build configuration list for PBXNativeTarget "AlohaAppTests" */ = {
			isa = XCConfigurationList;
			buildConfigurations = (
				0BE58D592D3DE34F0052EFD5 /* Debug */,
				0BE58D5A2D3DE34F0052EFD5 /* Release */,
			);
			defaultConfigurationIsVisible = 0;
			defaultConfigurationName = Release;
		};
		0BE58D5B2D3DE34F0052EFD5 /* Build configuration list for PBXNativeTarget "AlohaAppUITests" */ = {
			isa = XCConfigurationList;
			buildConfigurations = (
				0BE58D5C2D3DE34F0052EFD5 /* Debug */,
				0BE58D5D2D3DE34F0052EFD5 /* Release */,
			);
			defaultConfigurationIsVisible = 0;
			defaultConfigurationName = Release;
		};
/* End XCConfigurationList section */

/* Begin XCRemoteSwiftPackageReference section */
		0BE58D642D3DE8870052EFD5 /* XCRemoteSwiftPackageReference "firebase-ios-sdk" */ = {
			isa = XCRemoteSwiftPackageReference;
			repositoryURL = "https://github.com/firebase/firebase-ios-sdk";
			requirement = {
				kind = upToNextMajorVersion;
				minimumVersion = 11.7.0;
			};
		};
/* End XCRemoteSwiftPackageReference section */

/* Begin XCSwiftPackageProductDependency section */
		0B5820C12DF61B8300C3DB4F /* FirebaseFirestore */ = {
			isa = XCSwiftPackageProductDependency;
			package = 0BE58D642D3DE8870052EFD5 /* XCRemoteSwiftPackageReference "firebase-ios-sdk" */;
			productName = FirebaseFirestore;
		};
		0BE58D652D3DE8870052EFD5 /* FirebaseAnalytics */ = {
			isa = XCSwiftPackageProductDependency;
			package = 0BE58D642D3DE8870052EFD5 /* XCRemoteSwiftPackageReference "firebase-ios-sdk" */;
			productName = FirebaseAnalytics;
		};
		0BE58D672D3DE8870052EFD5 /* FirebaseAppCheck */ = {
			isa = XCSwiftPackageProductDependency;
			package = 0BE58D642D3DE8870052EFD5 /* XCRemoteSwiftPackageReference "firebase-ios-sdk" */;
			productName = FirebaseAppCheck;
		};
		0BE58D692D3DE8870052EFD5 /* FirebaseAuth */ = {
			isa = XCSwiftPackageProductDependency;
			package = 0BE58D642D3DE8870052EFD5 /* XCRemoteSwiftPackageReference "firebase-ios-sdk" */;
			productName = FirebaseAuth;
		};
		0BE58D6B2D3DE8870052EFD5 /* FirebaseCore */ = {
			isa = XCSwiftPackageProductDependency;
			package = 0BE58D642D3DE8870052EFD5 /* XCRemoteSwiftPackageReference "firebase-ios-sdk" */;
			productName = FirebaseCore;
		};
		0BE58D6D2D3DE8870052EFD5 /* FirebaseDatabase */ = {
			isa = XCSwiftPackageProductDependency;
			package = 0BE58D642D3DE8870052EFD5 /* XCRemoteSwiftPackageReference "firebase-ios-sdk" */;
			productName = FirebaseDatabase;
		};
/* End XCSwiftPackageProductDependency section */
	};
	rootObject = 0BE58D282D3DE34E0052EFD5 /* Project object */;
}
