// !$*UTF8*$!
{
	archiveVersion = 1;
	classes = {
	};
	objectVersion = 77;
	objects = {

/* Begin PBXBuildFile section */
		0BE58D662D3DE8870052EFD5 /* FirebaseAnalytics in Frameworks */ = {isa = PBXBuildFile; productRef = 0BE58D652D3DE8870052EFD5 /* FirebaseAnalytics */; };
		0BE58D682D3DE8870052EFD5 /* FirebaseAppCheck in Frameworks */ = {isa = PBXBuildFile; productRef = 0BE58D672D3DE8870052EFD5 /* FirebaseAppCheck */; };
		0BE58D6A2D3DE8870052EFD5 /* FirebaseAuth in Frameworks */ = {isa = PBXBuildFile; productRef = 0BE58D692D3DE8870052EFD5 /* FirebaseAuth */; };
		0BE58D6C2D3DE8870052EFD5 /* FirebaseCore in Frameworks */ = {isa = PBXBuildFile; productRef = 0BE58D6B2D3DE8870052EFD5 /* FirebaseCore */; };
		0BE58D6E2D3DE8870052EFD5 /* FirebaseDatabase in Frameworks */ = {isa = PBXBuildFile; productRef = 0BE58D6D2D3DE8870052EFD5 /* FirebaseDatabase */; };
/* End PBXBuildFile section */

/* Begin PBXContainerItemProxy section */
		0BE58D422D3DE34F0052EFD5 /* PBXContainerItemProxy */ = {
			isa = PBXContainerItemProxy;
			containerPortal = 0BE58D282D3DE34E0052EFD5 /* Project object */;
			proxyType = 1;
			remoteGlobalIDString = 0BE58D2F2D3DE34E0052EFD5;
			remoteInfo = AlohaApp;
		};
		0BE58D4C2D3DE34F0052EFD5 /* PBXContainerItemProxy */ = {
			isa = PBXContainerItemProxy;
			containerPortal = 0BE58D282D3DE34E0052EFD5 /* Project object */;
			proxyType = 1;
			remoteGlobalIDString = 0BE58D2F2D3DE34E0052EFD5;
			remoteInfo = AlohaApp;
		};
/* End PBXContainerItemProxy section */

/* Begin PBXFileReference section */
		0BE58D302D3DE34E0052EFD5 /* AlohaApp.app */ = {isa = PBXFileReference; explicitFileType = wrapper.application; includeInIndex = 0; path = AlohaApp.app; sourceTree = BUILT_PRODUCTS_DIR; };
		0BE58D412D3DE34F0052EFD5 /* AlohaAppTests.xctest */ = {isa = PBXFileReference; explicitFileType = wrapper.cfbundle; includeInIndex = 0; path = AlohaAppTests.xctest; sourceTree = BUILT_PRODUCTS_DIR; };
		0BE58D4B2D3DE34F0052EFD5 /* AlohaAppUITests.xctest */ = {isa = PBXFileReference; explicitFileType = wrapper.cfbundle; includeInIndex = 0; path = AlohaAppUITests.xctest; sourceTree = BUILT_PRODUCTS_DIR; };
/* End PBXFileReference section */

/* Begin PBXFileSystemSynchronizedBuildFileExceptionSet section */
		0BE58D622D3DE72F0052EFD5 /* Exceptions for "AlohaApp" folder in "AlohaAppTests" target */ = {
			isa = PBXFileSystemSynchronizedBuildFileExceptionSet;
			membershipExceptions = (
				"GoogleService-Info.plist",
			);
			target = 0BE58D402D3DE34F0052EFD5 /* AlohaAppTests */;
		};
		0BE58D632D3DE72F0052EFD5 /* Exceptions for "AlohaApp" folder in "AlohaAppUITests" target */ = {
			isa = PBXFileSystemSynchronizedBuildFileExceptionSet;
			membershipExceptions = (
				"GoogleService-Info.plist",
			);
			target = 0BE58D4A2D3DE34F0052EFD5 /* AlohaAppUITests */;
		};
/* End PBXFileSystemSynchronizedBuildFileExceptionSet section */

/* Begin PBXFileSystemSynchronizedRootGroup section */
		0BE58D322D3DE34E0052EFD5 /* AlohaApp */ = {
			isa = PBXFileSystemSynchronizedRootGroup;
			exceptions = (
				0BE58D622D3DE72F0052EFD5 /* Exceptions for "AlohaApp" folder in "AlohaAppTests" target */,
				0BE58D632D3DE72F0052EFD5 /* Exceptions for "AlohaApp" folder in "AlohaAppUITests" target */,
			);
			path = AlohaApp;
			sourceTree = "<group>";
		};
		0BE58D442D3DE34F0052EFD5 /* AlohaAppTests */ = {
			isa = PBXFileSystemSynchronizedRootGroup;
			path = AlohaAppTests;
			sourceTree = "<group>";
		};
		0BE58D4E2D3DE34F0052EFD5 /* AlohaAppUITests */ = {
			isa = PBXFileSystemSynchronizedRootGroup;
			path = AlohaAppUITests;
			sourceTree = "<group>";
		};
/* End PBXFileSystemSynchronizedRootGroup section */

/* Begin PBXFrameworksBuildPhase section */
		0BE58D2D2D3DE34E0052EFD5 /* Frameworks */ = {
			isa = PBXFrameworksBuildPhase;
			buildActionMask = 2147483647;
			files = (
				0BE58D6E2D3DE8870052EFD5 /* FirebaseDatabase in Frameworks */,
				0BE58D682D3DE8870052EFD5 /* FirebaseAppCheck in Frameworks */,
				0BE58D6A2D3DE8870052EFD5 /* FirebaseAuth in Frameworks */,
				0BE58D6C2D3DE8870052EFD5 /* FirebaseCore in Frameworks */,
				0BE58D662D3DE8870052EFD5 /* FirebaseAnalytics in Frameworks */,
			);
			runOnlyForDeploymentPostprocessing = 0;
		};
		0BE58D3E2D3DE34F0052EFD5 /* Frameworks */ = {
			isa = PBXFrameworksBuildPhase;
			buildActionMask = 2147483647;
			files = (
			);
			runOnlyForDeploymentPostprocessing = 0;
		};
		0BE58D482D3DE34F0052EFD5 /* Frameworks */ = {
			isa = PBXFrameworksBuildPhase;
			buildActionMask = 2147483647;
			files = (
			);
			runOnlyForDeploymentPostprocessing = 0;
		};
/* End PBXFrameworksBuildPhase section */

/* Begin PBXGroup section */
		0BE58D272D3DE34E0052EFD5 = {
			isa = PBXGroup;
			children = (
				0BE58D322D3DE34E0052EFD5 /* AlohaApp */,
				0BE58D442D3DE34F0052EFD5 /* AlohaAppTests */,
				0BE58D4E2D3DE34F0052EFD5 /* AlohaAppUITests */,
				0BE58D312D3DE34E0052EFD5 /* Products */,
			);
			sourceTree = "<group>";
		};
		0BE58D312D3DE34E0052EFD5 /* Products */ = {
			isa = PBXGroup;
			children = (
				0BE58D302D3DE34E0052EFD5 /* AlohaApp.app */,
				0BE58D412D3DE34F0052EFD5 /* AlohaAppTests.xctest */,
				0BE58D4B2D3DE34F0052EFD5 /* AlohaAppUITests.xctest */,
			);
			name = Products;
			sourceTree = "<group>";
		};
/* End PBXGroup section */

/* Begin PBXNativeTarget section */
		0BE58D2F2D3DE34E0052EFD5 /* AlohaApp */ = {
			isa = PBXNativeTarget;
			buildConfigurationList = 0BE58D552D3DE34F0052EFD5 /* Build configuration list for PBXNativeTarget "AlohaApp" */;
			buildPhases = (
				0BE58D2C2D3DE34E0052EFD5 /* Sources */,
				0BE58D2D2D3DE34E0052EFD5 /* Frameworks */,
				0BE58D2E2D3DE34E0052EFD5 /* Resources */,
			);
			buildRules = (
			);
			dependencies = (
			);
			fileSystemSynchronizedGroups = (
				0BE58D322D3DE34E0052EFD5 /* AlohaApp */,
			);
			name = AlohaApp;
			packageProductDependencies = (
				0BE58D652D3DE8870052EFD5 /* FirebaseAnalytics */,
				0BE58D672D3DE8870052EFD5 /* FirebaseAppCheck */,
				0BE58D692D3DE8870052EFD5 /* FirebaseAuth */,
				0BE58D6B2D3DE8870052EFD5 /* FirebaseCore */,
				0BE58D6D2D3DE8870052EFD5 /* FirebaseDatabase */,
			);
			productName = AlohaApp;
			productReference = 0BE58D302D3DE34E0052EFD5 /* AlohaApp.app */;
			productType = "com.apple.product-type.application";
		};
		0BE58D402D3DE34F0052EFD5 /* AlohaAppTests */ = {
			isa = PBXNativeTarget;
			buildConfigurationList = 0BE58D582D3DE34F0052EFD5 /* Build configuration list for PBXNativeTarget "AlohaAppTests" */;
			buildPhases = (
				0BE58D3D2D3DE34F0052EFD5 /* Sources */,
				0BE58D3E2D3DE34F0052EFD5 /* Frameworks */,
				0BE58D3F2D3DE34F0052EFD5 /* Resources */,
			);
			buildRules = (
			);
			dependencies = (
				0BE58D432D3DE34F0052EFD5 /* PBXTargetDependency */,
			);
			fileSystemSynchronizedGroups = (
				0BE58D442D3DE34F0052EFD5 /* AlohaAppTests */,
			);
			name = AlohaAppTests;
			packageProductDependencies = (
			);
			productName = AlohaAppTests;
			productReference = 0BE58D412D3DE34F0052EFD5 /* AlohaAppTests.xctest */;
			productType = "com.apple.product-type.bundle.unit-test";
		};
		0BE58D4A2D3DE34F0052EFD5 /* AlohaAppUITests */ = {
			isa = PBXNativeTarget;
			buildConfigurationList = 0BE58D5B2D3DE34F0052EFD5 /* Build configuration list for PBXNativeTarget "AlohaAppUITests" */;
			buildPhases = (
				0BE58D472D3DE34F0052EFD5 /* Sources */,
				0BE58D482D3DE34F0052EFD5 /* Frameworks */,
				0BE58D492D3DE34F0052EFD5 /* Resources */,
			);
			buildRules = (
			);
			dependencies = (
				0BE58D4D2D3DE34F0052EFD5 /* PBXTargetDependency */,
			);
			fileSystemSynchronizedGroups = (
				0BE58D4E2D3DE34F0052EFD5 /* AlohaAppUITests */,
			);
			name = AlohaAppUITests;
			packageProductDependencies = (
			);
			productName = AlohaAppUITests;
			productReference = 0BE58D4B2D3DE34F0052EFD5 /* AlohaAppUITests.xctest */;
			productType = "com.apple.product-type.bundle.ui-testing";
		};
/* End PBXNativeTarget section */

/* Begin PBXProject section */
		0BE58D282D3DE34E0052EFD5 /* Project object */ = {
			isa = PBXProject;
			attributes = {
				BuildIndependentTargetsInParallel = 1;
				LastSwiftUpdateCheck = 1610;
				LastUpgradeCheck = 1610;
				TargetAttributes = {
					0BE58D2F2D3DE34E0052EFD5 = {
						CreatedOnToolsVersion = 16.1;
					};
					0BE58D402D3DE34F0052EFD5 = {
						CreatedOnToolsVersion = 16.1;
						TestTargetID = 0BE58D2F2D3DE34E0052EFD5;
					};
					0BE58D4A2D3DE34F0052EFD5 = {
						CreatedOnToolsVersion = 16.1;
						TestTargetID = 0BE58D2F2D3DE34E0052EFD5;
					};
				};
			};
			buildConfigurationList = 0BE58D2B2D3DE34E0052EFD5 /* Build configuration list for PBXProject "AlohaApp" */;
			developmentRegion = en;
			hasScannedForEncodings = 0;
			knownRegions = (
				en,
				Base,
			);
			mainGroup = 0BE58D272D3DE34E0052EFD5;
			minimizedProjectReferenceProxies = 1;
			packageReferences = (
				0BE58D642D3DE8870052EFD5 /* XCRemoteSwiftPackageReference "firebase-ios-sdk" */,
			);
			preferredProjectObjectVersion = 77;
			productRefGroup = 0BE58D312D3DE34E0052EFD5 /* Products */;
			projectDirPath = "";
			projectRoot = "";
			targets = (
				0BE58D2F2D3DE34E0052EFD5 /* AlohaApp */,
				0BE58D402D3DE34F0052EFD5 /* AlohaAppTests */,
				0BE58D4A2D3DE34F0052EFD5 /* AlohaAppUITests */,
			);
		};
/* End PBXProject section */

/* Begin PBXResourcesBuildPhase section */
		0BE58D2E2D3DE34E0052EFD5 /* Resources */ = {
			isa = PBXResourcesBuildPhase;
			buildActionMask = 2147483647;
			files = (
			);
			runOnlyForDeploymentPostprocessing = 0;
		};
		0BE58D3F2D3DE34F0052EFD5 /* Resources */ = {
			isa = PBXResourcesBuildPhase;
			buildActionMask = 2147483647;
			files = (
			);
			runOnlyForDeploymentPostprocessing = 0;
		};
		0BE58D492D3DE34F0052EFD5 /* Resources */ = {
			isa = PBXResourcesBuildPhase;
			buildActionMask = 2147483647;
			files = (
			);
			runOnlyForDeploymentPostprocessing = 0;
		};
/* End PBXResourcesBuildPhase section */

/* Begin PBXSourcesBuildPhase section */
		0BE58D2C2D3DE34E0052EFD5 /* Sources */ = {
			isa = PBXSourcesBuildPhase;
			buildActionMask = 2147483647;
			files = (
			);
			runOnlyForDeploymentPostprocessing = 0;
		};
		0BE58D3D2D3DE34F0052EFD5 /* Sources */ = {
			isa = PBXSourcesBuildPhase;
			buildActionMask = 2147483647;
			files = (
			);
			runOnlyForDeploymentPostprocessing = 0;
		};
		0BE58D472D3DE34F0052EFD5 /* Sources */ = {
			isa = PBXSourcesBuildPhase;
			buildActionMask = 2147483647;
			files = (
			);
			runOnlyForDeploymentPostprocessing = 0;
		};
/* End PBXSourcesBuildPhase section */

/* Begin PBXTargetDependency section */
		0BE58D432D3DE34F0052EFD5 /* PBXTargetDependency */ = {
			isa = PBXTargetDependency;
			target = 0BE58D2F2D3DE34E0052EFD5 /* AlohaApp */;
			targetProxy = 0BE58D422D3DE34F0052EFD5 /* PBXContainerItemProxy */;
		};
		0BE58D4D2D3DE34F0052EFD5 /* PBXTargetDependency */ = {
			isa = PBXTargetDependency;
			target = 0BE58D2F2D3DE34E0052EFD5 /* AlohaApp */;
			targetProxy = 0BE58D4C2D3DE34F0052EFD5 /* PBXContainerItemProxy */;
		};
/* End PBXTargetDependency section */

/* Begin XCBuildConfiguration section */
		0BE58D532D3DE34F0052EFD5 /* Debug */ = {
			isa = XCBuildConfiguration;
			buildSettings = {
				ALWAYS_SEARCH_USER_PATHS = NO;
				ASSETCATALOG_COMPILER_GENERATE_SWIFT_ASSET_SYMBOL_EXTENSIONS = YES;
				CLANG_ANALYZER_NONNULL = YES;
				CLANG_ANALYZER_NUMBER_OBJECT_CONVERSION = YES_AGGRESSIVE;
				CLANG_CXX_LANGUAGE_STANDARD = "gnu++20";
				CLANG_ENABLE_MODULES = YES;
				CLANG_ENABLE_OBJC_ARC = YES;
				CLANG_ENABLE_OBJC_WEAK = YES;
				CLANG_WARN_BLOCK_CAPTURE_AUTORELEASING = YES;
				CLANG_WARN_BOOL_CONVERSION = YES;
				CLANG_WARN_COMMA = YES;
				CLANG_WARN_CONSTANT_CONVERSION = YES;
				CLANG_WARN_DEPRECATED_OBJC_IMPLEMENTATIONS = YES;
				CLANG_WARN_DIRECT_OBJC_ISA_USAGE = YES_ERROR;
				CLANG_WARN_DOCUMENTATION_COMMENTS = YES;
				CLANG_WARN_EMPTY_BODY = YES;
				CLANG_WARN_ENUM_CONVERSION = YES;
				CLANG_WARN_INFINITE_RECURSION = YES;
				CLANG_WARN_INT_CONVERSION = YES;
				CLANG_WARN_NON_LITERAL_NULL_CONVERSION = YES;
				CLANG_WARN_OBJC_IMPLICIT_RETAIN_SELF = YES;
				CLANG_WARN_OBJC_LITERAL_CONVERSION = YES;
				CLANG_WARN_OBJC_ROOT_CLASS = YES_ERROR;
				CLANG_WARN_QUOTED_INCLUDE_IN_FRAMEWORK_HEADER = YES;
				CLANG_WARN_RANGE_LOOP_ANALYSIS = YES;
				CLANG_WARN_STRICT_PROTOTYPES = YES;
				CLANG_WARN_SUSPICIOUS_MOVE = YES;
				CLANG_WARN_UNGUARDED_AVAILABILITY = YES_AGGRESSIVE;
				CLANG_WARN_UNREACHABLE_CODE = YES;
				CLANG_WARN__DUPLICATE_METHOD_MATCH = YES;
				COPY_PHASE_STRIP = NO;
				DEBUG_INFORMATION_FORMAT = dwarf;
				ENABLE_STRICT_OBJC_MSGSEND = YES;
				ENABLE_TESTABILITY = YES;
				ENABLE_USER_SCRIPT_SANDBOXING = YES;
				GCC_C_LANGUAGE_STANDARD = gnu17;
				GCC_DYNAMIC_NO_PIC = NO;
				GCC_NO_COMMON_BLOCKS = YES;
				GCC_OPTIMIZATION_LEVEL = 0;
				GCC_PREPROCESSOR_DEFINITIONS = (
					"DEBUG=1",
					"$(inherited)",
				);
				GCC_WARN_64_TO_32_BIT_CONVERSION = YES;
				GCC_WARN_ABOUT_RETURN_TYPE = YES_ERROR;
				GCC_WARN_UNDECLARED_SELECTOR = YES;
				GCC_WARN_UNINITIALIZED_AUTOS = YES_AGGRESSIVE;
				GCC_WARN_UNUSED_FUNCTION = YES;
				GCC_WARN_UNUSED_VARIABLE = YES;
				LOCALIZATION_PREFERS_STRING_CATALOGS = YES;
				MTL_ENABLE_DEBUG_INFO = INCLUDE_SOURCE;
				MTL_FAST_MATH = YES;
				ONLY_ACTIVE_ARCH = YES;
				SWIFT_ACTIVE_COMPILATION_CONDITIONS = "DEBUG $(inherited)";
				SWIFT_OPTIMIZATION_LEVEL = "-Onone";
			};
			name = Debug;
		};
		0BE58D542D3DE34F0052EFD5 /* Release */ = {
			isa = XCBuildConfiguration;
			buildSettings = {
				ALWAYS_SEARCH_USER_PATHS = NO;
				ASSETCATALOG_COMPILER_GENERATE_SWIFT_ASSET_SYMBOL_EXTENSIONS = YES;
				CLANG_ANALYZER_NONNULL = YES;
				CLANG_ANALYZER_NUMBER_OBJECT_CONVERSION = YES_AGGRESSIVE;
				CLANG_CXX_LANGUAGE_STANDARD = "gnu++20";
				CLANG_ENABLE_MODULES = YES;
				CLANG_ENABLE_OBJC_ARC = YES;
				CLANG_ENABLE_OBJC_WEAK = YES;
				CLANG_WARN_BLOCK_CAPTURE_AUTORELEASING = YES;
				CLANG_WARN_BOOL_CONVERSION = YES;
				CLANG_WARN_COMMA = YES;
				CLANG_WARN_CONSTANT_CONVERSION = YES;
				CLANG_WARN_DEPRECATED_OBJC_IMPLEMENTATIONS = YES;
				CLANG_WARN_DIRECT_OBJC_ISA_USAGE = YES_ERROR;
				CLANG_WARN_DOCUMENTATION_COMMENTS = YES;
				CLANG_WARN_EMPTY_BODY = YES;
				CLANG_WARN_ENUM_CONVERSION = YES;
				CLANG_WARN_INFINITE_RECURSION = YES;
				CLANG_WARN_INT_CONVERSION = YES;
				CLANG_WARN_NON_LITERAL_NULL_CONVERSION = YES;
				CLANG_WARN_OBJC_IMPLICIT_RETAIN_SELF = YES;
				CLANG_WARN_OBJC_LITERAL_CONVERSION = YES;
				CLANG_WARN_OBJC_ROOT_CLASS = YES_ERROR;
				CLANG_WARN_QUOTED_INCLUDE_IN_FRAMEWORK_HEADER = YES;
				CLANG_WARN_RANGE_LOOP_ANALYSIS = YES;
				CLANG_WARN_STRICT_PROTOTYPES = YES;
				CLANG_WARN_SUSPICIOUS_MOVE = YES;
				CLANG_WARN_UNGUARDED_AVAILABILITY = YES_AGGRESSIVE;
				CLANG_WARN_UNREACHABLE_CODE = YES;
				CLANG_WARN__DUPLICATE_METHOD_MATCH = YES;
				COPY_PHASE_STRIP = NO;
				DEBUG_INFORMATION_FORMAT = "dwarf-with-dsym";
				ENABLE_NS_ASSERTIONS = NO;
				ENABLE_STRICT_OBJC_MSGSEND = YES;
				ENABLE_USER_SCRIPT_SANDBOXING = YES;
				GCC_C_LANGUAGE_STANDARD = gnu17;
				GCC_NO_COMMON_BLOCKS = YES;
				GCC_WARN_64_TO_32_BIT_CONVERSION = YES;
				GCC_WARN_ABOUT_RETURN_TYPE = YES_ERROR;
				GCC_WARN_UNDECLARED_SELECTOR = YES;
				GCC_WARN_UNINITIALIZED_AUTOS = YES_AGGRESSIVE;
				GCC_WARN_UNUSED_FUNCTION = YES;
				GCC_WARN_UNUSED_VARIABLE = YES;
				LOCALIZATION_PREFERS_STRING_CATALOGS = YES;
				MTL_ENABLE_DEBUG_INFO = NO;
				MTL_FAST_MATH = YES;
				SWIFT_COMPILATION_MODE = wholemodule;
			};
			name = Release;
		};
		0BE58D562D3DE34F0052EFD5 /* Debug */ = {
			isa = XCBuildConfiguration;
			buildSettings = {
				ASSETCATALOG_COMPILER_APPICON_NAME = AppIcon;
				ASSETCATALOG_COMPILER_GLOBAL_ACCENT_COLOR_NAME = AccentColor;
				CODE_SIGN_ENTITLEMENTS = AlohaApp/AlohaApp.entitlements;
				CODE_SIGN_STYLE = Automatic;
				CURRENT_PROJECT_VERSION = 1;
				DEVELOPMENT_ASSET_PATHS = "\"AlohaApp/Preview Content\"";
				DEVELOPMENT_TEAM = 2M64UND8Q7;
				ENABLE_HARDENED_RUNTIME = YES;
				ENABLE_PREVIEWS = YES;
				GENERATE_INFOPLIST_FILE = YES;
				"INFOPLIST_KEY_UIApplicationSceneManifest_Generation[sdk=iphoneos*]" = YES;
				"INFOPLIST_KEY_UIApplicationSceneManifest_Generation[sdk=iphonesimulator*]" = YES;
				"INFOPLIST_KEY_UIApplicationSupportsIndirectInputEvents[sdk=iphoneos*]" = YES;
				"INFOPLIST_KEY_UIApplicationSupportsIndirectInputEvents[sdk=iphonesimulator*]" = YES;
				"INFOPLIST_KEY_UILaunchScreen_Generation[sdk=iphoneos*]" = YES;
				"INFOPLIST_KEY_UILaunchScreen_Generation[sdk=iphonesimulator*]" = YES;
				"INFOPLIST_KEY_UIStatusBarStyle[sdk=iphoneos*]" = UIStatusBarStyleDefault;
				"INFOPLIST_KEY_UIStatusBarStyle[sdk=iphonesimulator*]" = UIStatusBarStyleDefault;
				INFOPLIST_KEY_UISupportedInterfaceOrientations_iPad = "UIInterfaceOrientationPortrait UIInterfaceOrientationPortraitUpsideDown UIInterfaceOrientationLandscapeLeft UIInterfaceOrientationLandscapeRight";
				INFOPLIST_KEY_UISupportedInterfaceOrientations_iPhone = "UIInterfaceOrientationPortrait UIInterfaceOrientationLandscapeLeft UIInterfaceOrientationLandscapeRight";
				IPHONEOS_DEPLOYMENT_TARGET = 18.1;
				LD_RUNPATH_SEARCH_PATHS = "@executable_path/Frameworks";
				"LD_RUNPATH_SEARCH_PATHS[sdk=macosx*]" = "@executable_path/../Frameworks";
				MACOSX_DEPLOYMENT_TARGET = 15.1;
				MARKETING_VERSION = 1.0;
				PRODUCT_BUNDLE_IDENTIFIER = com.jordankopp.AlohaApp;
				PRODUCT_NAME = "$(TARGET_NAME)";
				SDKROOT = auto;
				SUPPORTED_PLATFORMS = "iphoneos iphonesimulator macosx";
				SUPPORTS_MACCATALYST = NO;
				SWIFT_EMIT_LOC_STRINGS = YES;
				SWIFT_VERSION = 5.0;
				TARGETED_DEVICE_FAMILY = "1,2";
				XROS_DEPLOYMENT_TARGET = 2.1;
			};
			name = Debug;
		};
		0BE58D572D3DE34F0052EFD5 /* Release */ = {
			isa = XCBuildConfiguration;
			buildSettings = {
				ASSETCATALOG_COMPILER_APPICON_NAME = AppIcon;
				ASSETCATALOG_COMPILER_GLOBAL_ACCENT_COLOR_NAME = AccentColor;
				CODE_SIGN_ENTITLEMENTS = AlohaApp/AlohaApp.entitlements;
				CODE_SIGN_STYLE = Automatic;
				CURRENT_PROJECT_VERSION = 1;
				DEVELOPMENT_ASSET_PATHS = "\"AlohaApp/Preview Content\"";
				DEVELOPMENT_TEAM = 2M64UND8Q7;
				ENABLE_HARDENED_RUNTIME = YES;
				ENABLE_PREVIEWS = YES;
				GENERATE_INFOPLIST_FILE = YES;
				"INFOPLIST_KEY_UIApplicationSceneManifest_Generation[sdk=iphoneos*]" = YES;
				"INFOPLIST_KEY_UIApplicationSceneManifest_Generation[sdk=iphonesimulator*]" = YES;
				"INFOPLIST_KEY_UIApplicationSupportsIndirectInputEvents[sdk=iphoneos*]" = YES;
				"INFOPLIST_KEY_UIApplicationSupportsIndirectInputEvents[sdk=iphonesimulator*]" = YES;
				"INFOPLIST_KEY_UILaunchScreen_Generation[sdk=iphoneos*]" = YES;
				"INFOPLIST_KEY_UILaunchScreen_Generation[sdk=iphonesimulator*]" = YES;
				"INFOPLIST_KEY_UIStatusBarStyle[sdk=iphoneos*]" = UIStatusBarStyleDefault;
				"INFOPLIST_KEY_UIStatusBarStyle[sdk=iphonesimulator*]" = UIStatusBarStyleDefault;
				INFOPLIST_KEY_UISupportedInterfaceOrientations_iPad = "UIInterfaceOrientationPortrait UIInterfaceOrientationPortraitUpsideDown UIInterfaceOrientationLandscapeLeft UIInterfaceOrientationLandscapeRight";
				INFOPLIST_KEY_UISupportedInterfaceOrientations_iPhone = "UIInterfaceOrientationPortrait UIInterfaceOrientationLandscapeLeft UIInterfaceOrientationLandscapeRight";
				IPHONEOS_DEPLOYMENT_TARGET = 18.1;
				LD_RUNPATH_SEARCH_PATHS = "@executable_path/Frameworks";
				"LD_RUNPATH_SEARCH_PATHS[sdk=macosx*]" = "@executable_path/../Frameworks";
				MACOSX_DEPLOYMENT_TARGET = 15.1;
				MARKETING_VERSION = 1.0;
				PRODUCT_BUNDLE_IDENTIFIER = com.jordankopp.AlohaApp;
				PRODUCT_NAME = "$(TARGET_NAME)";
				SDKROOT = auto;
				SUPPORTED_PLATFORMS = "iphoneos iphonesimulator macosx";
				SUPPORTS_MACCATALYST = NO;
				SWIFT_EMIT_LOC_STRINGS = YES;
				SWIFT_VERSION = 5.0;
				TARGETED_DEVICE_FAMILY = "1,2";
				XROS_DEPLOYMENT_TARGET = 2.1;
			};
			name = Release;
		};
		0BE58D592D3DE34F0052EFD5 /* Debug */ = {
			isa = XCBuildConfiguration;
			buildSettings = {
				BUNDLE_LOADER = "$(TEST_HOST)";
				CODE_SIGN_STYLE = Automatic;
				CURRENT_PROJECT_VERSION = 1;
				DEVELOPMENT_TEAM = 2M64UND8Q7;
				GENERATE_INFOPLIST_FILE = YES;
				IPHONEOS_DEPLOYMENT_TARGET = 18.1;
				MACOSX_DEPLOYMENT_TARGET = 15.1;
				MARKETING_VERSION = 1.0;
				PRODUCT_BUNDLE_IDENTIFIER = com.jordankopp.AlohaAppTests;
				PRODUCT_NAME = "$(TARGET_NAME)";
				SDKROOT = auto;
				SUPPORTED_PLATFORMS = "iphoneos iphonesimulator macosx xros xrsimulator";
				SWIFT_EMIT_LOC_STRINGS = NO;
				SWIFT_VERSION = 5.0;
				TARGETED_DEVICE_FAMILY = "1,2,7";
				TEST_HOST = "$(BUILT_PRODUCTS_DIR)/AlohaApp.app/$(BUNDLE_EXECUTABLE_FOLDER_PATH)/AlohaApp";
				XROS_DEPLOYMENT_TARGET = 2.1;
			};
			name = Debug;
		};
		0BE58D5A2D3DE34F0052EFD5 /* Release */ = {
			isa = XCBuildConfiguration;
			buildSettings = {
				BUNDLE_LOADER = "$(TEST_HOST)";
				CODE_SIGN_STYLE = Automatic;
				CURRENT_PROJECT_VERSION = 1;
				DEVELOPMENT_TEAM = 2M64UND8Q7;
				GENERATE_INFOPLIST_FILE = YES;
				IPHONEOS_DEPLOYMENT_TARGET = 18.1;
				MACOSX_DEPLOYMENT_TARGET = 15.1;
				MARKETING_VERSION = 1.0;
				PRODUCT_BUNDLE_IDENTIFIER = com.jordankopp.AlohaAppTests;
				PRODUCT_NAME = "$(TARGET_NAME)";
				SDKROOT = auto;
				SUPPORTED_PLATFORMS = "iphoneos iphonesimulator macosx xros xrsimulator";
				SWIFT_EMIT_LOC_STRINGS = NO;
				SWIFT_VERSION = 5.0;
				TARGETED_DEVICE_FAMILY = "1,2,7";
				TEST_HOST = "$(BUILT_PRODUCTS_DIR)/AlohaApp.app/$(BUNDLE_EXECUTABLE_FOLDER_PATH)/AlohaApp";
				XROS_DEPLOYMENT_TARGET = 2.1;
			};
			name = Release;
		};
		0BE58D5C2D3DE34F0052EFD5 /* Debug */ = {
			isa = XCBuildConfiguration;
			buildSettings = {
				CODE_SIGN_STYLE = Automatic;
				CURRENT_PROJECT_VERSION = 1;
				DEVELOPMENT_TEAM = 2M64UND8Q7;
				GENERATE_INFOPLIST_FILE = YES;
				IPHONEOS_DEPLOYMENT_TARGET = 18.1;
				MACOSX_DEPLOYMENT_TARGET = 15.1;
				MARKETING_VERSION = 1.0;
				PRODUCT_BUNDLE_IDENTIFIER = com.jordankopp.AlohaAppUITests;
				PRODUCT_NAME = "$(TARGET_NAME)";
				SDKROOT = auto;
				SUPPORTED_PLATFORMS = "iphoneos iphonesimulator macosx xros xrsimulator";
				SWIFT_EMIT_LOC_STRINGS = NO;
				SWIFT_VERSION = 5.0;
				TARGETED_DEVICE_FAMILY = "1,2,7";
				TEST_TARGET_NAME = AlohaApp;
				XROS_DEPLOYMENT_TARGET = 2.1;
			};
			name = Debug;
		};
		0BE58D5D2D3DE34F0052EFD5 /* Release */ = {
			isa = XCBuildConfiguration;
			buildSettings = {
				CODE_SIGN_STYLE = Automatic;
				CURRENT_PROJECT_VERSION = 1;
				DEVELOPMENT_TEAM = 2M64UND8Q7;
				GENERATE_INFOPLIST_FILE = YES;
				IPHONEOS_DEPLOYMENT_TARGET = 18.1;
				MACOSX_DEPLOYMENT_TARGET = 15.1;
				MARKETING_VERSION = 1.0;
				PRODUCT_BUNDLE_IDENTIFIER = com.jordankopp.AlohaAppUITests;
				PRODUCT_NAME = "$(TARGET_NAME)";
				SDKROOT = auto;
				SUPPORTED_PLATFORMS = "iphoneos iphonesimulator macosx xros xrsimulator";
				SWIFT_EMIT_LOC_STRINGS = NO;
				SWIFT_VERSION = 5.0;
				TARGETED_DEVICE_FAMILY = "1,2,7";
				TEST_TARGET_NAME = AlohaApp;
				XROS_DEPLOYMENT_TARGET = 2.1;
			};
			name = Release;
		};
/* End XCBuildConfiguration section */

/* Begin XCConfigurationList section */
		0BE58D2B2D3DE34E0052EFD5 /* Build configuration list for PBXProject "AlohaApp" */ = {
			isa = XCConfigurationList;
			buildConfigurations = (
				0BE58D532D3DE34F0052EFD5 /* Debug */,
				0BE58D542D3DE34F0052EFD5 /* Release */,
			);
			defaultConfigurationIsVisible = 0;
			defaultConfigurationName = Release;
		};
		0BE58D552D3DE34F0052EFD5 /* Build configuration list for PBXNativeTarget "AlohaApp" */ = {
			isa = XCConfigurationList;
			buildConfigurations = (
				0BE58D562D3DE34F0052EFD5 /* Debug */,
				0BE58D572D3DE34F0052EFD5 /* Release */,
			);
			defaultConfigurationIsVisible = 0;
			defaultConfigurationName = Release;
		};
		0BE58D582D3DE34F0052EFD5 /* Build configuration list for PBXNativeTarget "AlohaAppTests" */ = {
			isa = XCConfigurationList;
			buildConfigurations = (
				0BE58D592D3DE34F0052EFD5 /* Debug */,
				0BE58D5A2D3DE34F0052EFD5 /* Release */,
			);
			defaultConfigurationIsVisible = 0;
			defaultConfigurationName = Release;
		};
		0BE58D5B2D3DE34F0052EFD5 /* Build configuration list for PBXNativeTarget "AlohaAppUITests" */ = {
			isa = XCConfigurationList;
			buildConfigurations = (
				0BE58D5C2D3DE34F0052EFD5 /* Debug */,
				0BE58D5D2D3DE34F0052EFD5 /* Release */,
			);
			defaultConfigurationIsVisible = 0;
			defaultConfigurationName = Release;
		};
/* End XCConfigurationList section */

/* Begin XCRemoteSwiftPackageReference section */
		0BE58D642D3DE8870052EFD5 /* XCRemoteSwiftPackageReference "firebase-ios-sdk" */ = {
			isa = XCRemoteSwiftPackageReference;
			repositoryURL = "https://github.com/firebase/firebase-ios-sdk";
			requirement = {
				kind = upToNextMajorVersion;
				minimumVersion = 11.7.0;
			};
		};
/* End XCRemoteSwiftPackageReference section */

/* Begin XCSwiftPackageProductDependency section */
		0BE58D652D3DE8870052EFD5 /* FirebaseAnalytics */ = {
			isa = XCSwiftPackageProductDependency;
			package = 0BE58D642D3DE8870052EFD5 /* XCRemoteSwiftPackageReference "firebase-ios-sdk" */;
			productName = FirebaseAnalytics;
		};
		0BE58D672D3DE8870052EFD5 /* FirebaseAppCheck */ = {
			isa = XCSwiftPackageProductDependency;
			package = 0BE58D642D3DE8870052EFD5 /* XCRemoteSwiftPackageReference "firebase-ios-sdk" */;
			productName = FirebaseAppCheck;
		};
		0BE58D692D3DE8870052EFD5 /* FirebaseAuth */ = {
			isa = XCSwiftPackageProductDependency;
			package = 0BE58D642D3DE8870052EFD5 /* XCRemoteSwiftPackageReference "firebase-ios-sdk" */;
			productName = FirebaseAuth;
		};
		0BE58D6B2D3DE8870052EFD5 /* FirebaseCore */ = {
			isa = XCSwiftPackageProductDependency;
			package = 0BE58D642D3DE8870052EFD5 /* XCRemoteSwiftPackageReference "firebase-ios-sdk" */;
			productName = FirebaseCore;
		};
		0BE58D6D2D3DE8870052EFD5 /* FirebaseDatabase */ = {
			isa = XCSwiftPackageProductDependency;
			package = 0BE58D642D3DE8870052EFD5 /* XCRemoteSwiftPackageReference "firebase-ios-sdk" */;
			productName = FirebaseDatabase;
		};
/* End XCSwiftPackageProductDependency section */
	};
	rootObject = 0BE58D282D3DE34E0052EFD5 /* Project object */;
}
